
Microsoft Visual Studio Solution File, Format Version 12.00
# Visual Studio Version 17
VisualStudioVersion = 17.9.34723.18
MinimumVisualStudioVersion = 10.0.40219.1
Project("{8BC9CEB8-8B4A-11D0-8D11-00A0C91BC942}") = "QOI", "QOI\QOI.vcxproj", "{27060E12-4D93-477C-A232-0F62F5028706}"
EndProject
Global
	GlobalSection(SolutionConfigurationPlatforms) = preSolution
		Debug|x64 = Debug|x64
		Debug|x86 = Debug|x86
		Release|x64 = Release|x64
		Release|x86 = Release|x86
	EndGlobalSection
	GlobalSection(ProjectConfigurationPlatforms) = postSolution
		{27060E12-4D93-477C-A232-0F62F5028706}.Debug|x64.ActiveCfg = Debug|x64
		{27060E12-4D93-477C-A232-0F62F5028706}.Debug|x64.Build.0 = Debug|x64
		{27060E12-4D93-477C-A232-0F62F5028706}.Debug|x86.ActiveCfg = Debug|Win32
		{27060E12-4D93-477C-A232-0F62F5028706}.Debug|x86.Build.0 = Debug|Win32
		{27060E12-4D93-477C-A232-0F62F5028706}.Release|x64.ActiveCfg = Release|x64
		{27060E12-4D93-477C-A232-0F62F5028706}.Release|x64.Build.0 = Release|x64
		{27060E12-4D93-477C-A232-0F62F5028706}.Release|x86.ActiveCfg = Release|Win32
		{27060E12-4D93-477C-A232-0F62F5028706}.Release|x86.Build.0 = Release|Win32
	EndGlobalSection
	GlobalSection(SolutionProperties) = preSolution
		HideSolutionNode = FALSE
	EndGlobalSection
	GlobalSection(ExtensibilityGlobals) = postSolution
		SolutionGuid = {9E13BABF-8CE1-48A7-AFCB-E5C87D638FA3}
	EndGlobalSection
EndGlobal
